
Microsoft Visual Studio Solution File, Format Version 12.00
# Visual Studio Version 17
VisualStudioVersion = 17.2.32630.192
MinimumVisualStudioVersion = 10.0.40219.1
Project("{FAE04EC0-301F-11D3-BF4B-00C04F79EFBC}") = "Convertidor.Android", "Convertidor\Convertidor.Android\Convertidor.Android.csproj", "{67F3A24E-1AC1-410C-887C-D1930F41AC78}"
EndProject
Project("{FAE04EC0-301F-11D3-BF4B-00C04F79EFBC}") = "Convertidor.iOS", "Convertidor\Convertidor.iOS\Convertidor.iOS.csproj", "{A5C28792-2313-4B26-8560-E08DA18DF843}"
EndProject
Project("{FAE04EC0-301F-11D3-BF4B-00C04F79EFBC}") = "Convertidor", "Convertidor\Convertidor\Convertidor.csproj", "{1860723C-DA1A-4273-82F1-80F49FADCB3B}"
EndProject
Global
	GlobalSection(SolutionConfigurationPlatforms) = preSolution
		Debug|Any CPU = Debug|Any CPU
		Debug|iPhone = Debug|iPhone
		Debug|iPhoneSimulator = Debug|iPhoneSimulator
		Release|Any CPU = Release|Any CPU
		Release|iPhone = Release|iPhone
		Release|iPhoneSimulator = Release|iPhoneSimulator
	EndGlobalSection
	GlobalSection(ProjectConfigurationPlatforms) = postSolution
		{67F3A24E-1AC1-410C-887C-D1930F41AC78}.Debug|Any CPU.ActiveCfg = Debug|Any CPU
		{67F3A24E-1AC1-410C-887C-D1930F41AC78}.Debug|Any CPU.Build.0 = Debug|Any CPU
		{67F3A24E-1AC1-410C-887C-D1930F41AC78}.Debug|Any CPU.Deploy.0 = Debug|Any CPU
		{67F3A24E-1AC1-410C-887C-D1930F41AC78}.Debug|iPhone.ActiveCfg = Debug|Any CPU
		{67F3A24E-1AC1-410C-887C-D1930F41AC78}.Debug|iPhone.Build.0 = Debug|Any CPU
		{67F3A24E-1AC1-410C-887C-D1930F41AC78}.Debug|iPhone.Deploy.0 = Debug|Any CPU
		{67F3A24E-1AC1-410C-887C-D1930F41AC78}.Debug|iPhoneSimulator.ActiveCfg = Debug|Any CPU
		{67F3A24E-1AC1-410C-887C-D1930F41AC78}.Debug|iPhoneSimulator.Build.0 = Debug|Any CPU
		{67F3A24E-1AC1-410C-887C-D1930F41AC78}.Debug|iPhoneSimulator.Deploy.0 = Debug|Any CPU
		{67F3A24E-1AC1-410C-887C-D1930F41AC78}.Release|Any CPU.ActiveCfg = Release|Any CPU
		{67F3A24E-1AC1-410C-887C-D1930F41AC78}.Release|Any CPU.Build.0 = Release|Any CPU
		{67F3A24E-1AC1-410C-887C-D1930F41AC78}.Release|Any CPU.Deploy.0 = Release|Any CPU
		{67F3A24E-1AC1-410C-887C-D1930F41AC78}.Release|iPhone.ActiveCfg = Release|Any CPU
		{67F3A24E-1AC1-410C-887C-D1930F41AC78}.Release|iPhone.Build.0 = Release|Any CPU
		{67F3A24E-1AC1-410C-887C-D1930F41AC78}.Release|iPhone.Deploy.0 = Release|Any CPU
		{67F3A24E-1AC1-410C-887C-D1930F41AC78}.Release|iPhoneSimulator.ActiveCfg = Release|Any CPU
		{67F3A24E-1AC1-410C-887C-D1930F41AC78}.Release|iPhoneSimulator.Build.0 = Release|Any CPU
		{67F3A24E-1AC1-410C-887C-D1930F41AC78}.Release|iPhoneSimulator.Deploy.0 = Release|Any CPU
		{A5C28792-2313-4B26-8560-E08DA18DF843}.Debug|Any CPU.ActiveCfg = Debug|iPhone
		{A5C28792-2313-4B26-8560-E08DA18DF843}.Debug|Any CPU.Build.0 = Debug|iPhone
		{A5C28792-2313-4B26-8560-E08DA18DF843}.Debug|Any CPU.Deploy.0 = Debug|iPhone
		{A5C28792-2313-4B26-8560-E08DA18DF843}.Debug|iPhone.ActiveCfg = Debug|iPhone
		{A5C28792-2313-4B26-8560-E08DA18DF843}.Debug|iPhone.Build.0 = Debug|iPhone
		{A5C28792-2313-4B26-8560-E08DA18DF843}.Debug|iPhone.Deploy.0 = Debug|iPhone
		{A5C28792-2313-4B26-8560-E08DA18DF843}.Debug|iPhoneSimulator.ActiveCfg = Debug|iPhoneSimulator
		{A5C28792-2313-4B26-8560-E08DA18DF843}.Debug|iPhoneSimulator.Build.0 = Debug|iPhoneSimulator
		{A5C28792-2313-4B26-8560-E08DA18DF843}.Debug|iPhoneSimulator.Deploy.0 = Debug|iPhoneSimulator
		{A5C28792-2313-4B26-8560-E08DA18DF843}.Release|Any CPU.ActiveCfg = Release|iPhoneSimulator
		{A5C28792-2313-4B26-8560-E08DA18DF843}.Release|Any CPU.Build.0 = Release|iPhoneSimulator
		{A5C28792-2313-4B26-8560-E08DA18DF843}.Release|Any CPU.Deploy.0 = Release|iPhoneSimulator
		{A5C28792-2313-4B26-8560-E08DA18DF843}.Release|iPhone.ActiveCfg = Release|iPhone
		{A5C28792-2313-4B26-8560-E08DA18DF843}.Release|iPhone.Build.0 = Release|iPhone
		{A5C28792-2313-4B26-8560-E08DA18DF843}.Release|iPhone.Deploy.0 = Release|iPhone
		{A5C28792-2313-4B26-8560-E08DA18DF843}.Release|iPhoneSimulator.ActiveCfg = Release|iPhoneSimulator
		{A5C28792-2313-4B26-8560-E08DA18DF843}.Release|iPhoneSimulator.Build.0 = Release|iPhoneSimulator
		{A5C28792-2313-4B26-8560-E08DA18DF843}.Release|iPhoneSimulator.Deploy.0 = Release|iPhoneSimulator
		{1860723C-DA1A-4273-82F1-80F49FADCB3B}.Debug|Any CPU.ActiveCfg = Debug|Any CPU
		{1860723C-DA1A-4273-82F1-80F49FADCB3B}.Debug|Any CPU.Build.0 = Debug|Any CPU
		{1860723C-DA1A-4273-82F1-80F49FADCB3B}.Debug|Any CPU.Deploy.0 = Debug|Any CPU
		{1860723C-DA1A-4273-82F1-80F49FADCB3B}.Debug|iPhone.ActiveCfg = Debug|Any CPU
		{1860723C-DA1A-4273-82F1-80F49FADCB3B}.Debug|iPhone.Build.0 = Debug|Any CPU
		{1860723C-DA1A-4273-82F1-80F49FADCB3B}.Debug|iPhone.Deploy.0 = Debug|Any CPU
		{1860723C-DA1A-4273-82F1-80F49FADCB3B}.Debug|iPhoneSimulator.ActiveCfg = Debug|Any CPU
		{1860723C-DA1A-4273-82F1-80F49FADCB3B}.Debug|iPhoneSimulator.Build.0 = Debug|Any CPU
		{1860723C-DA1A-4273-82F1-80F49FADCB3B}.Debug|iPhoneSimulator.Deploy.0 = Debug|Any CPU
		{1860723C-DA1A-4273-82F1-80F49FADCB3B}.Release|Any CPU.ActiveCfg = Release|Any CPU
		{1860723C-DA1A-4273-82F1-80F49FADCB3B}.Release|Any CPU.Build.0 = Release|Any CPU
		{1860723C-DA1A-4273-82F1-80F49FADCB3B}.Release|Any CPU.Deploy.0 = Release|Any CPU
		{1860723C-DA1A-4273-82F1-80F49FADCB3B}.Release|iPhone.ActiveCfg = Release|Any CPU
		{1860723C-DA1A-4273-82F1-80F49FADCB3B}.Release|iPhone.Build.0 = Release|Any CPU
		{1860723C-DA1A-4273-82F1-80F49FADCB3B}.Release|iPhone.Deploy.0 = Release|Any CPU
		{1860723C-DA1A-4273-82F1-80F49FADCB3B}.Release|iPhoneSimulator.ActiveCfg = Release|Any CPU
		{1860723C-DA1A-4273-82F1-80F49FADCB3B}.Release|iPhoneSimulator.Build.0 = Release|Any CPU
		{1860723C-DA1A-4273-82F1-80F49FADCB3B}.Release|iPhoneSimulator.Deploy.0 = Release|Any CPU
	EndGlobalSection
	GlobalSection(SolutionProperties) = preSolution
		HideSolutionNode = FALSE
	EndGlobalSection
	GlobalSection(ExtensibilityGlobals) = postSolution
		SolutionGuid = {8EFCBD60-8350-4184-B271-2A0C742DE2B5}
	EndGlobalSection
EndGlobal
